
Microsoft Visual Studio Solution File, Format Version 12.00
# Visual Studio Version 17
VisualStudioVersion = 17.14.36109.1
MinimumVisualStudioVersion = 10.0.40219.1
Project("{FAE04EC0-301F-11D3-BF4B-00C04F79EFBC}") = "ScreenSoundWebAPI", "ScreenSoundWebAPI\ScreenSoundWebAPI.csproj", "{48390ACC-24A9-4F64-987A-C7B60D571750}"
	ProjectSection(ProjectDependencies) = postProject
		{7AA0D91A-71DE-4E41-950B-36C986C722E2} = {7AA0D91A-71DE-4E41-950B-36C986C722E2}
	EndProjectSection
EndProject
Project("{FAE04EC0-301F-11D3-BF4B-00C04F79EFBC}") = "ScreenSound.API", "ScreenSound.API\ScreenSound.API.csproj", "{A1C1CADD-03BA-4A4F-909E-9369763E9654}"
	ProjectSection(ProjectDependencies) = postProject
		{7AA0D91A-71DE-4E41-950B-36C986C722E2} = {7AA0D91A-71DE-4E41-950B-36C986C722E2}
	EndProjectSection
EndProject
Project("{FAE04EC0-301F-11D3-BF4B-00C04F79EFBC}") = "ScreenSound.Shered.Modelos", "ScreenSound.Shered.Modelos\ScreenSound.Shered.Modelos.csproj", "{7AA0D91A-71DE-4E41-950B-36C986C722E2}"
EndProject
Project("{FAE04EC0-301F-11D3-BF4B-00C04F79EFBC}") = "ScreenSound.Shered.Dados", "ScreenSound.Shered.Dados\ScreenSound.Shered.Dados.csproj", "{BCC607D4-71FE-45E4-91F0-6FE8D750905A}"
EndProject
Global
	GlobalSection(SolutionConfigurationPlatforms) = preSolution
		Debug|Any CPU = Debug|Any CPU
		Release|Any CPU = Release|Any CPU
	EndGlobalSection
	GlobalSection(ProjectConfigurationPlatforms) = postSolution
		{48390ACC-24A9-4F64-987A-C7B60D571750}.Debug|Any CPU.ActiveCfg = Debug|Any CPU
		{48390ACC-24A9-4F64-987A-C7B60D571750}.Debug|Any CPU.Build.0 = Debug|Any CPU
		{48390ACC-24A9-4F64-987A-C7B60D571750}.Release|Any CPU.ActiveCfg = Release|Any CPU
		{48390ACC-24A9-4F64-987A-C7B60D571750}.Release|Any CPU.Build.0 = Release|Any CPU
		{A1C1CADD-03BA-4A4F-909E-9369763E9654}.Debug|Any CPU.ActiveCfg = Debug|Any CPU
		{A1C1CADD-03BA-4A4F-909E-9369763E9654}.Debug|Any CPU.Build.0 = Debug|Any CPU
		{A1C1CADD-03BA-4A4F-909E-9369763E9654}.Release|Any CPU.ActiveCfg = Release|Any CPU
		{A1C1CADD-03BA-4A4F-909E-9369763E9654}.Release|Any CPU.Build.0 = Release|Any CPU
		{7AA0D91A-71DE-4E41-950B-36C986C722E2}.Debug|Any CPU.ActiveCfg = Debug|Any CPU
		{7AA0D91A-71DE-4E41-950B-36C986C722E2}.Debug|Any CPU.Build.0 = Debug|Any CPU
		{7AA0D91A-71DE-4E41-950B-36C986C722E2}.Release|Any CPU.ActiveCfg = Release|Any CPU
		{7AA0D91A-71DE-4E41-950B-36C986C722E2}.Release|Any CPU.Build.0 = Release|Any CPU
		{BCC607D4-71FE-45E4-91F0-6FE8D750905A}.Debug|Any CPU.ActiveCfg = Debug|Any CPU
		{BCC607D4-71FE-45E4-91F0-6FE8D750905A}.Debug|Any CPU.Build.0 = Debug|Any CPU
		{BCC607D4-71FE-45E4-91F0-6FE8D750905A}.Release|Any CPU.ActiveCfg = Release|Any CPU
		{BCC607D4-71FE-45E4-91F0-6FE8D750905A}.Release|Any CPU.Build.0 = Release|Any CPU
	EndGlobalSection
	GlobalSection(SolutionProperties) = preSolution
		HideSolutionNode = FALSE
	EndGlobalSection
	GlobalSection(ExtensibilityGlobals) = postSolution
		SolutionGuid = {36681B31-62A3-4F47-B149-4C73A1CC1635}
	EndGlobalSection
EndGlobal
